// !$*UTF8*$!
{
	archiveVersion = 1;
	classes = {
	};
	objectVersion = 50;
	objects = {

/* Begin PBXBuildFile section */
		10096D83232C02D900E5AA50 /* AppDelegate.swift in Sources */ = {isa = PBXBuildFile; fileRef = 10096D82232C02D900E5AA50 /* AppDelegate.swift */; };
		10096D88232C02D900E5AA50 /* Main.storyboard in Resources */ = {isa = PBXBuildFile; fileRef = 10096D86232C02D900E5AA50 /* Main.storyboard */; };
		10096D8A232C02DA00E5AA50 /* Assets.xcassets in Resources */ = {isa = PBXBuildFile; fileRef = 10096D89232C02DA00E5AA50 /* Assets.xcassets */; };
		10096D8D232C02DA00E5AA50 /* LaunchScreen.storyboard in Resources */ = {isa = PBXBuildFile; fileRef = 10096D8B232C02DA00E5AA50 /* LaunchScreen.storyboard */; };
		10A7BE90232C046400B5610E /* ChatterTableViewController.swift in Sources */ = {isa = PBXBuildFile; fileRef = 10A7BE8F232C046400B5610E /* ChatterTableViewController.swift */; };
		10A7BE92232C050900B5610E /* ComposeViewController.swift in Sources */ = {isa = PBXBuildFile; fileRef = 10A7BE91232C050900B5610E /* ComposeViewController.swift */; };
		10A7BE94232C06E700B5610E /* ChatterTableViewCell.swift in Sources */ = {isa = PBXBuildFile; fileRef = 10A7BE93232C06E700B5610E /* ChatterTableViewCell.swift */; };
/* End PBXBuildFile section */

/* Begin PBXFileReference section */
		10096D7F232C02D900E5AA50 /* 441StarterApp.app */ = {isa = PBXFileReference; explicitFileType = wrapper.application; includeInIndex = 0; path = 441StarterApp.app; sourceTree = BUILT_PRODUCTS_DIR; };
		10096D82232C02D900E5AA50 /* AppDelegate.swift */ = {isa = PBXFileReference; lastKnownFileType = sourcecode.swift; path = AppDelegate.swift; sourceTree = "<group>"; };
		10096D87232C02D900E5AA50 /* Base */ = {isa = PBXFileReference; lastKnownFileType = file.storyboard; name = Base; path = Base.lproj/Main.storyboard; sourceTree = "<group>"; };
		10096D89232C02DA00E5AA50 /* Assets.xcassets */ = {isa = PBXFileReference; lastKnownFileType = folder.assetcatalog; path = Assets.xcassets; sourceTree = "<group>"; };
		10096D8C232C02DA00E5AA50 /* Base */ = {isa = PBXFileReference; lastKnownFileType = file.storyboard; name = Base; path = Base.lproj/LaunchScreen.storyboard; sourceTree = "<group>"; };
		10096D8E232C02DA00E5AA50 /* Info.plist */ = {isa = PBXFileReference; lastKnownFileType = text.plist.xml; path = Info.plist; sourceTree = "<group>"; };
		10A7BE8F232C046400B5610E /* ChatterTableViewController.swift */ = {isa = PBXFileReference; lastKnownFileType = sourcecode.swift; path = ChatterTableViewController.swift; sourceTree = "<group>"; };
		10A7BE91232C050900B5610E /* ComposeViewController.swift */ = {isa = PBXFileReference; lastKnownFileType = sourcecode.swift; path = ComposeViewController.swift; sourceTree = "<group>"; };
		10A7BE93232C06E700B5610E /* ChatterTableViewCell.swift */ = {isa = PBXFileReference; lastKnownFileType = sourcecode.swift; path = ChatterTableViewCell.swift; sourceTree = "<group>"; };
/* End PBXFileReference section */

/* Begin PBXFrameworksBuildPhase section */
		10096D7C232C02D900E5AA50 /* Frameworks */ = {
			isa = PBXFrameworksBuildPhase;
			buildActionMask = 2147483647;
			files = (
			);
			runOnlyForDeploymentPostprocessing = 0;
		};
/* End PBXFrameworksBuildPhase section */

/* Begin PBXGroup section */
		10096D76232C02D900E5AA50 = {
			isa = PBXGroup;
			children = (
				10096D81232C02D900E5AA50 /* 441StarterApp */,
				10096D80232C02D900E5AA50 /* Products */,
			);
			sourceTree = "<group>";
		};
		10096D80232C02D900E5AA50 /* Products */ = {
			isa = PBXGroup;
			children = (
				10096D7F232C02D900E5AA50 /* 441StarterApp.app */,
			);
			name = Products;
			sourceTree = "<group>";
		};
		10096D81232C02D900E5AA50 /* 441StarterApp */ = {
			isa = PBXGroup;
			children = (
				10096D82232C02D900E5AA50 /* AppDelegate.swift */,
				10096D86232C02D900E5AA50 /* Main.storyboard */,
				10A7BE93232C06E700B5610E /* ChatterTableViewCell.swift */,
				10A7BE91232C050900B5610E /* ComposeViewController.swift */,
				10A7BE8F232C046400B5610E /* ChatterTableViewController.swift */,
				10096D89232C02DA00E5AA50 /* Assets.xcassets */,
				10096D8B232C02DA00E5AA50 /* LaunchScreen.storyboard */,
				10096D8E232C02DA00E5AA50 /* Info.plist */,
			);
			path = 441StarterApp;
			sourceTree = "<group>";
		};
/* End PBXGroup section */

/* Begin PBXNativeTarget section */
		10096D7E232C02D900E5AA50 /* 441StarterApp */ = {
			isa = PBXNativeTarget;
			buildConfigurationList = 10096D91232C02DA00E5AA50 /* Build configuration list for PBXNativeTarget "441StarterApp" */;
			buildPhases = (
				10096D7B232C02D900E5AA50 /* Sources */,
				10096D7C232C02D900E5AA50 /* Frameworks */,
				10096D7D232C02D900E5AA50 /* Resources */,
			);
			buildRules = (
			);
			dependencies = (
			);
			name = 441StarterApp;
			productName = 441StarterApp;
			productReference = 10096D7F232C02D900E5AA50 /* 441StarterApp.app */;
			productType = "com.apple.product-type.application";
		};
/* End PBXNativeTarget section */

/* Begin PBXProject section */
		10096D77232C02D900E5AA50 /* Project object */ = {
			isa = PBXProject;
			attributes = {
				LastSwiftUpdateCheck = 1030;
				LastUpgradeCheck = 1030;
				ORGANIZATIONNAME = "Alec Goldberg";
				TargetAttributes = {
					10096D7E232C02D900E5AA50 = {
						CreatedOnToolsVersion = 10.3;
					};
				};
			};
			buildConfigurationList = 10096D7A232C02D900E5AA50 /* Build configuration list for PBXProject "441StarterApp" */;
			compatibilityVersion = "Xcode 9.3";
			developmentRegion = en;
			hasScannedForEncodings = 0;
			knownRegions = (
				en,
				Base,
			);
			mainGroup = 10096D76232C02D900E5AA50;
			productRefGroup = 10096D80232C02D900E5AA50 /* Products */;
			projectDirPath = "";
			projectRoot = "";
			targets = (
				10096D7E232C02D900E5AA50 /* 441StarterApp */,
			);
		};
/* End PBXProject section */

/* Begin PBXResourcesBuildPhase section */
		10096D7D232C02D900E5AA50 /* Resources */ = {
			isa = PBXResourcesBuildPhase;
			buildActionMask = 2147483647;
			files = (
				10096D8D232C02DA00E5AA50 /* LaunchScreen.storyboard in Resources */,
				10096D8A232C02DA00E5AA50 /* Assets.xcassets in Resources */,
				10096D88232C02D900E5AA50 /* Main.storyboard in Resources */,
			);
			runOnlyForDeploymentPostprocessing = 0;
		};
/* End PBXResourcesBuildPhase section */

/* Begin PBXSourcesBuildPhase section */
		10096D7B232C02D900E5AA50 /* Sources */ = {
			isa = PBXSourcesBuildPhase;
			buildActionMask = 2147483647;
			files = (
				10A7BE92232C050900B5610E /* ComposeViewController.swift in Sources */,
				10A7BE90232C046400B5610E /* ChatterTableViewController.swift in Sources */,
				10096D83232C02D900E5AA50 /* AppDelegate.swift in Sources */,
				10A7BE94232C06E700B5610E /* ChatterTableViewCell.swift in Sources */,
			);
			runOnlyForDeploymentPostprocessing = 0;
		};
/* End PBXSourcesBuildPhase section */

/* Begin PBXVariantGroup section */
		10096D86232C02D900E5AA50 /* Main.storyboard */ = {
			isa = PBXVariantGroup;
			children = (
				10096D87232C02D900E5AA50 /* Base */,
			);
			name = Main.storyboard;
			sourceTree = "<group>";
		};
		10096D8B232C02DA00E5AA50 /* LaunchScreen.storyboard */ = {
			isa = PBXVariantGroup;
			children = (
				10096D8C232C02DA00E5AA50 /* Base */,
			);
			name = LaunchScreen.storyboard;
			sourceTree = "<group>";
		};
/* End PBXVariantGroup section */

/* Begin XCBuildConfiguration section */
		10096D8F232C02DA00E5AA50 /* Debug */ = {
			isa = XCBuildConfiguration;
			buildSettings = {
				ALWAYS_SEARCH_USER_PATHS = NO;
				CLANG_ANALYZER_NONNULL = YES;
				CLANG_ANALYZER_NUMBER_OBJECT_CONVERSION = YES_AGGRESSIVE;
				CLANG_CXX_LANGUAGE_STANDARD = "gnu++14";
				CLANG_CXX_LIBRARY = "libc++";
				CLANG_ENABLE_MODULES = YES;
				CLANG_ENABLE_OBJC_ARC = YES;
				CLANG_ENABLE_OBJC_WEAK = YES;
				CLANG_WARN_BLOCK_CAPTURE_AUTORELEASING = YES;
				CLANG_WARN_BOOL_CONVERSION = YES;
				CLANG_WARN_COMMA = YES;
				CLANG_WARN_CONSTANT_CONVERSION = YES;
				CLANG_WARN_DEPRECATED_OBJC_IMPLEMENTATIONS = YES;
				CLANG_WARN_DIRECT_OBJC_ISA_USAGE = YES_ERROR;
				CLANG_WARN_DOCUMENTATION_COMMENTS = YES;
				CLANG_WARN_EMPTY_BODY = YES;
				CLANG_WARN_ENUM_CONVERSION = YES;
				CLANG_WARN_INFINITE_RECURSION = YES;
				CLANG_WARN_INT_CONVERSION = YES;
				CLANG_WARN_NON_LITERAL_NULL_CONVERSION = YES;
				CLANG_WARN_OBJC_IMPLICIT_RETAIN_SELF = YES;
				CLANG_WARN_OBJC_LITERAL_CONVERSION = YES;
				CLANG_WARN_OBJC_ROOT_CLASS = YES_ERROR;
				CLANG_WARN_RANGE_LOOP_ANALYSIS = YES;
				CLANG_WARN_STRICT_PROTOTYPES = YES;
				CLANG_WARN_SUSPICIOUS_MOVE = YES;
				CLANG_WARN_UNGUARDED_AVAILABILITY = YES_AGGRESSIVE;
				CLANG_WARN_UNREACHABLE_CODE = YES;
				CLANG_WARN__DUPLICATE_METHOD_MATCH = YES;
				CODE_SIGN_IDENTITY = "iPhone Developer";
				COPY_PHASE_STRIP = NO;
				DEBUG_INFORMATION_FORMAT = dwarf;
				ENABLE_STRICT_OBJC_MSGSEND = YES;
				ENABLE_TESTABILITY = YES;
				GCC_C_LANGUAGE_STANDARD = gnu11;
				GCC_DYNAMIC_NO_PIC = NO;
				GCC_NO_COMMON_BLOCKS = YES;
				GCC_OPTIMIZATION_LEVEL = 0;
				GCC_PREPROCESSOR_DEFINITIONS = (
					"DEBUG=1",
					"$(inherited)",
				);
				GCC_WARN_64_TO_32_BIT_CONVERSION = YES;
				GCC_WARN_ABOUT_RETURN_TYPE = YES_ERROR;
				GCC_WARN_UNDECLARED_SELECTOR = YES;
				GCC_WARN_UNINITIALIZED_AUTOS = YES_AGGRESSIVE;
				GCC_WARN_UNUSED_FUNCTION = YES;
				GCC_WARN_UNUSED_VARIABLE = YES;
				IPHONEOS_DEPLOYMENT_TARGET = 12.4;
				MTL_ENABLE_DEBUG_INFO = INCLUDE_SOURCE;
				MTL_FAST_MATH = YES;
				ONLY_ACTIVE_ARCH = YES;
				SDKROOT = iphoneos;
				SWIFT_ACTIVE_COMPILATION_CONDITIONS = DEBUG;
				SWIFT_OPTIMIZATION_LEVEL = "-Onone";
			};
			name = Debug;
		};
		10096D90232C02DA00E5AA50 /* Release */ = {
			isa = XCBuildConfiguration;
			buildSettings = {
				ALWAYS_SEARCH_USER_PATHS = NO;
				CLANG_ANALYZER_NONNULL = YES;
				CLANG_ANALYZER_NUMBER_OBJECT_CONVERSION = YES_AGGRESSIVE;
				CLANG_CXX_LANGUAGE_STANDARD = "gnu++14";
				CLANG_CXX_LIBRARY = "libc++";
				CLANG_ENABLE_MODULES = YES;
				CLANG_ENABLE_OBJC_ARC = YES;
				CLANG_ENABLE_OBJC_WEAK = YES;
				CLANG_WARN_BLOCK_CAPTURE_AUTORELEASING = YES;
				CLANG_WARN_BOOL_CONVERSION = YES;
				CLANG_WARN_COMMA = YES;
				CLANG_WARN_CONSTANT_CONVERSION = YES;
				CLANG_WARN_DEPRECATED_OBJC_IMPLEMENTATIONS = YES;
				CLANG_WARN_DIRECT_OBJC_ISA_USAGE = YES_ERROR;
				CLANG_WARN_DOCUMENTATION_COMMENTS = YES;
				CLANG_WARN_EMPTY_BODY = YES;
				CLANG_WARN_ENUM_CONVERSION = YES;
				CLANG_WARN_INFINITE_RECURSION = YES;
				CLANG_WARN_INT_CONVERSION = YES;
				CLANG_WARN_NON_LITERAL_NULL_CONVERSION = YES;
				CLANG_WARN_OBJC_IMPLICIT_RETAIN_SELF = YES;
				CLANG_WARN_OBJC_LITERAL_CONVERSION = YES;
				CLANG_WARN_OBJC_ROOT_CLASS = YES_ERROR;
				CLANG_WARN_RANGE_LOOP_ANALYSIS = YES;
				CLANG_WARN_STRICT_PROTOTYPES = YES;
				CLANG_WARN_SUSPICIOUS_MOVE = YES;
				CLANG_WARN_UNGUARDED_AVAILABILITY = YES_AGGRESSIVE;
				CLANG_WARN_UNREACHABLE_CODE = YES;
				CLANG_WARN__DUPLICATE_METHOD_MATCH = YES;
				CODE_SIGN_IDENTITY = "iPhone Developer";
				COPY_PHASE_STRIP = NO;
				DEBUG_INFORMATION_FORMAT = "dwarf-with-dsym";
				ENABLE_NS_ASSERTIONS = NO;
				ENABLE_STRICT_OBJC_MSGSEND = YES;
				GCC_C_LANGUAGE_STANDARD = gnu11;
				GCC_NO_COMMON_BLOCKS = YES;
				GCC_WARN_64_TO_32_BIT_CONVERSION = YES;
				GCC_WARN_ABOUT_RETURN_TYPE = YES_ERROR;
				GCC_WARN_UNDECLARED_SELECTOR = YES;
				GCC_WARN_UNINITIALIZED_AUTOS = YES_AGGRESSIVE;
				GCC_WARN_UNUSED_FUNCTION = YES;
				GCC_WARN_UNUSED_VARIABLE = YES;
				IPHONEOS_DEPLOYMENT_TARGET = 12.4;
				MTL_ENABLE_DEBUG_INFO = NO;
				MTL_FAST_MATH = YES;
				SDKROOT = iphoneos;
				SWIFT_COMPILATION_MODE = wholemodule;
				SWIFT_OPTIMIZATION_LEVEL = "-O";
				VALIDATE_PRODUCT = YES;
			};
			name = Release;
		};
		10096D92232C02DA00E5AA50 /* Debug */ = {
			isa = XCBuildConfiguration;
			buildSettings = {
				ASSETCATALOG_COMPILER_APPICON_NAME = AppIcon;
				CODE_SIGN_STYLE = Automatic;
				DEVELOPMENT_TEAM = 3U7979Q2XJ;
				INFOPLIST_FILE = 441StarterApp/Info.plist;
				LD_RUNPATH_SEARCH_PATHS = (
					"$(inherited)",
					"@executable_path/Frameworks",
				);
				PRODUCT_BUNDLE_IDENTIFIER = "alecg956.-41StarterApp";
				PRODUCT_NAME = "$(TARGET_NAME)";
				SWIFT_VERSION = 5.0;
				TARGETED_DEVICE_FAMILY = "1,2";
			};
			name = Debug;
		};
		10096D93232C02DA00E5AA50 /* Release */ = {
			isa = XCBuildConfiguration;
			buildSettings = {
				ASSETCATALOG_COMPILER_APPICON_NAME = AppIcon;
				CODE_SIGN_STYLE = Automatic;
				DEVELOPMENT_TEAM = 3U7979Q2XJ;
				INFOPLIST_FILE = 441StarterApp/Info.plist;
				LD_RUNPATH_SEARCH_PATHS = (
					"$(inherited)",
					"@executable_path/Frameworks",
				);
				PRODUCT_BUNDLE_IDENTIFIER = "alecg956.-41StarterApp";
				PRODUCT_NAME = "$(TARGET_NAME)";
				SWIFT_VERSION = 5.0;
				TARGETED_DEVICE_FAMILY = "1,2";
			};
			name = Release;
		};
/* End XCBuildConfiguration section */

/* Begin XCConfigurationList section */
		10096D7A232C02D900E5AA50 /* Build configuration list for PBXProject "441StarterApp" */ = {
			isa = XCConfigurationList;
			buildConfigurations = (
				10096D8F232C02DA00E5AA50 /* Debug */,
				10096D90232C02DA00E5AA50 /* Release */,
			);
			defaultConfigurationIsVisible = 0;
			defaultConfigurationName = Release;
		};
		10096D91232C02DA00E5AA50 /* Build configuration list for PBXNativeTarget "441StarterApp" */ = {
			isa = XCConfigurationList;
			buildConfigurations = (
				10096D92232C02DA00E5AA50 /* Debug */,
				10096D93232C02DA00E5AA50 /* Release */,
			);
			defaultConfigurationIsVisible = 0;
			defaultConfigurationName = Release;
		};
/* End XCConfigurationList section */
	};
	rootObject = 10096D77232C02D900E5AA50 /* Project object */;
}
