// !$*UTF8*$!
{
	archiveVersion = 1;
	classes = {
	};
	objectVersion = 50;
	objects = {

/* Begin PBXBuildFile section */
		0623963D236AA4D30012C6C7 /* CustomizeViewController.swift in Sources */ = {isa = PBXBuildFile; fileRef = 0623963C236AA4D30012C6C7 /* CustomizeViewController.swift */; };
		067CCA7B236E4DC7000EA7C4 /* PurchaseViewController.swift in Sources */ = {isa = PBXBuildFile; fileRef = 067CCA7A236E4DC7000EA7C4 /* PurchaseViewController.swift */; };
		1025E616235CFBD90017E7DA /* AppDelegate.swift in Sources */ = {isa = PBXBuildFile; fileRef = 1025E615235CFBD90017E7DA /* AppDelegate.swift */; };
		1025E618235CFBD90017E7DA /* art.scnassets in Resources */ = {isa = PBXBuildFile; fileRef = 1025E617235CFBD90017E7DA /* art.scnassets */; };
		1025E61A235CFBD90017E7DA /* ARTestViewController.swift in Sources */ = {isa = PBXBuildFile; fileRef = 1025E619235CFBD90017E7DA /* ARTestViewController.swift */; };
		1025E61D235CFBD90017E7DA /* Main.storyboard in Resources */ = {isa = PBXBuildFile; fileRef = 1025E61B235CFBD90017E7DA /* Main.storyboard */; };
		1025E61F235CFBDE0017E7DA /* Assets.xcassets in Resources */ = {isa = PBXBuildFile; fileRef = 1025E61E235CFBDE0017E7DA /* Assets.xcassets */; };
		1025E622235CFBDE0017E7DA /* LaunchScreen.storyboard in Resources */ = {isa = PBXBuildFile; fileRef = 1025E620235CFBDE0017E7DA /* LaunchScreen.storyboard */; };
		10281E74236DDE320091A473 /* Globals.swift in Sources */ = {isa = PBXBuildFile; fileRef = 10281E73236DDE320091A473 /* Globals.swift */; };
		10752A3A236DE734001B773E /* BrowseDetailTableViewController.swift in Sources */ = {isa = PBXBuildFile; fileRef = 10752A39236DE734001B773E /* BrowseDetailTableViewController.swift */; };
		10752A3C236DEDD4001B773E /* BrowseDetailTableViewCell.swift in Sources */ = {isa = PBXBuildFile; fileRef = 10752A3B236DEDD4001B773E /* BrowseDetailTableViewCell.swift */; };
		107903D323751113000A5DF3 /* testUIButton.swift in Sources */ = {isa = PBXBuildFile; fileRef = 107903D223751113000A5DF3 /* testUIButton.swift */; };
		10B7FBFB236DDCBB00AA997C /* BrowseTableViewController.swift in Sources */ = {isa = PBXBuildFile; fileRef = 10B7FBFA236DDCBB00AA997C /* BrowseTableViewController.swift */; };
		10F44016236C793100435BC9 /* BrowseTableViewCell.swift in Sources */ = {isa = PBXBuildFile; fileRef = 10F44015236C793100435BC9 /* BrowseTableViewCell.swift */; };
		336A9B662379E80400174888 /* GoogleService-Info.plist in Resources */ = {isa = PBXBuildFile; fileRef = 336A9B652379E80400174888 /* GoogleService-Info.plist */; };
/* End PBXBuildFile section */

/* Begin PBXFileReference section */
		0623963C236AA4D30012C6C7 /* CustomizeViewController.swift */ = {isa = PBXFileReference; lastKnownFileType = sourcecode.swift; path = CustomizeViewController.swift; sourceTree = "<group>"; };
		067CCA7A236E4DC7000EA7C4 /* PurchaseViewController.swift */ = {isa = PBXFileReference; lastKnownFileType = sourcecode.swift; path = PurchaseViewController.swift; sourceTree = "<group>"; };
		1025E612235CFBD90017E7DA /* Wardrobe.app */ = {isa = PBXFileReference; explicitFileType = wrapper.application; includeInIndex = 0; path = Wardrobe.app; sourceTree = BUILT_PRODUCTS_DIR; };
		1025E615235CFBD90017E7DA /* AppDelegate.swift */ = {isa = PBXFileReference; lastKnownFileType = sourcecode.swift; path = AppDelegate.swift; sourceTree = "<group>"; };
		1025E617235CFBD90017E7DA /* art.scnassets */ = {isa = PBXFileReference; lastKnownFileType = wrapper.scnassets; path = art.scnassets; sourceTree = "<group>"; };
		1025E619235CFBD90017E7DA /* ARTestViewController.swift */ = {isa = PBXFileReference; lastKnownFileType = sourcecode.swift; path = ARTestViewController.swift; sourceTree = "<group>"; };
		1025E61C235CFBD90017E7DA /* Base */ = {isa = PBXFileReference; lastKnownFileType = file.storyboard; name = Base; path = Base.lproj/Main.storyboard; sourceTree = "<group>"; };
		1025E61E235CFBDE0017E7DA /* Assets.xcassets */ = {isa = PBXFileReference; lastKnownFileType = folder.assetcatalog; path = Assets.xcassets; sourceTree = "<group>"; };
		1025E621235CFBDE0017E7DA /* Base */ = {isa = PBXFileReference; lastKnownFileType = file.storyboard; name = Base; path = Base.lproj/LaunchScreen.storyboard; sourceTree = "<group>"; };
		1025E623235CFBDE0017E7DA /* Info.plist */ = {isa = PBXFileReference; lastKnownFileType = text.plist.xml; path = Info.plist; sourceTree = "<group>"; };
		10281E73236DDE320091A473 /* Globals.swift */ = {isa = PBXFileReference; fileEncoding = 4; lastKnownFileType = sourcecode.swift; path = Globals.swift; sourceTree = "<group>"; };
		10752A39236DE734001B773E /* BrowseDetailTableViewController.swift */ = {isa = PBXFileReference; lastKnownFileType = sourcecode.swift; path = BrowseDetailTableViewController.swift; sourceTree = "<group>"; };
		10752A3B236DEDD4001B773E /* BrowseDetailTableViewCell.swift */ = {isa = PBXFileReference; lastKnownFileType = sourcecode.swift; path = BrowseDetailTableViewCell.swift; sourceTree = "<group>"; };
		107903D223751113000A5DF3 /* testUIButton.swift */ = {isa = PBXFileReference; lastKnownFileType = sourcecode.swift; path = testUIButton.swift; sourceTree = "<group>"; };
		10B7FBFA236DDCBB00AA997C /* BrowseTableViewController.swift */ = {isa = PBXFileReference; lastKnownFileType = sourcecode.swift; path = BrowseTableViewController.swift; sourceTree = "<group>"; };
		10F44015236C793100435BC9 /* BrowseTableViewCell.swift */ = {isa = PBXFileReference; lastKnownFileType = sourcecode.swift; path = BrowseTableViewCell.swift; sourceTree = "<group>"; };
		336A9B652379E80400174888 /* GoogleService-Info.plist */ = {isa = PBXFileReference; fileEncoding = 4; lastKnownFileType = text.plist.xml; path = "GoogleService-Info.plist"; sourceTree = "<group>"; };
/* End PBXFileReference section */

/* Begin PBXFrameworksBuildPhase section */
		1025E60F235CFBD90017E7DA /* Frameworks */ = {
			isa = PBXFrameworksBuildPhase;
			buildActionMask = 2147483647;
			files = (
			);
			runOnlyForDeploymentPostprocessing = 0;
		};
/* End PBXFrameworksBuildPhase section */

/* Begin PBXGroup section */
		1025E609235CFBD90017E7DA = {
			isa = PBXGroup;
			children = (
				1025E614235CFBD90017E7DA /* wardrobe */,
				1025E613235CFBD90017E7DA /* Products */,
			);
			sourceTree = "<group>";
		};
		1025E613235CFBD90017E7DA /* Products */ = {
			isa = PBXGroup;
			children = (
				1025E612235CFBD90017E7DA /* Wardrobe.app */,
			);
			name = Products;
			sourceTree = "<group>";
		};
		1025E614235CFBD90017E7DA /* wardrobe */ = {
			isa = PBXGroup;
			children = (
				10B7FBFA236DDCBB00AA997C /* BrowseTableViewController.swift */,
				10F44015236C793100435BC9 /* BrowseTableViewCell.swift */,
				10752A39236DE734001B773E /* BrowseDetailTableViewController.swift */,
				10752A3B236DEDD4001B773E /* BrowseDetailTableViewCell.swift */,
				1025E615235CFBD90017E7DA /* AppDelegate.swift */,
				1025E617235CFBD90017E7DA /* art.scnassets */,
				1025E619235CFBD90017E7DA /* ARTestViewController.swift */,
				107903D223751113000A5DF3 /* testUIButton.swift */,
				0623963C236AA4D30012C6C7 /* CustomizeViewController.swift */,
				067CCA7A236E4DC7000EA7C4 /* PurchaseViewController.swift */,
				10281E73236DDE320091A473 /* Globals.swift */,
				1025E61B235CFBD90017E7DA /* Main.storyboard */,
				1025E61E235CFBDE0017E7DA /* Assets.xcassets */,
				1025E620235CFBDE0017E7DA /* LaunchScreen.storyboard */,
				1025E623235CFBDE0017E7DA /* Info.plist */,
				336A9B652379E80400174888 /* GoogleService-Info.plist */,
			);
			path = wardrobe;
			sourceTree = "<group>";
		};
/* End PBXGroup section */

/* Begin PBXNativeTarget section */
		1025E611235CFBD90017E7DA /* wardrobe */ = {
			isa = PBXNativeTarget;
			buildConfigurationList = 1025E626235CFBDE0017E7DA /* Build configuration list for PBXNativeTarget "wardrobe" */;
			buildPhases = (
				1025E60E235CFBD90017E7DA /* Sources */,
				1025E60F235CFBD90017E7DA /* Frameworks */,
				1025E610235CFBD90017E7DA /* Resources */,
			);
			buildRules = (
			);
			dependencies = (
			);
			name = wardrobe;
			productName = wardrobe;
			productReference = 1025E612235CFBD90017E7DA /* Wardrobe.app */;
			productType = "com.apple.product-type.application";
		};
/* End PBXNativeTarget section */

/* Begin PBXProject section */
		1025E60A235CFBD90017E7DA /* Project object */ = {
			isa = PBXProject;
			attributes = {
				LastSwiftUpdateCheck = 1110;
				LastUpgradeCheck = 1110;
				ORGANIZATIONNAME = "Alec Goldberg";
				TargetAttributes = {
					1025E611235CFBD90017E7DA = {
						CreatedOnToolsVersion = 11.1;
					};
				};
			};
			buildConfigurationList = 1025E60D235CFBD90017E7DA /* Build configuration list for PBXProject "wardrobe" */;
			compatibilityVersion = "Xcode 9.3";
			developmentRegion = en;
			hasScannedForEncodings = 0;
			knownRegions = (
				en,
				Base,
			);
			mainGroup = 1025E609235CFBD90017E7DA;
			productRefGroup = 1025E613235CFBD90017E7DA /* Products */;
			projectDirPath = "";
			projectRoot = "";
			targets = (
				1025E611235CFBD90017E7DA /* wardrobe */,
			);
		};
/* End PBXProject section */

/* Begin PBXResourcesBuildPhase section */
		1025E610235CFBD90017E7DA /* Resources */ = {
			isa = PBXResourcesBuildPhase;
			buildActionMask = 2147483647;
			files = (
				1025E618235CFBD90017E7DA /* art.scnassets in Resources */,
				1025E622235CFBDE0017E7DA /* LaunchScreen.storyboard in Resources */,
				336A9B662379E80400174888 /* GoogleService-Info.plist in Resources */,
				1025E61F235CFBDE0017E7DA /* Assets.xcassets in Resources */,
				1025E61D235CFBD90017E7DA /* Main.storyboard in Resources */,
			);
			runOnlyForDeploymentPostprocessing = 0;
		};
/* End PBXResourcesBuildPhase section */

/* Begin PBXSourcesBuildPhase section */
		1025E60E235CFBD90017E7DA /* Sources */ = {
			isa = PBXSourcesBuildPhase;
			buildActionMask = 2147483647;
			files = (
				1025E61A235CFBD90017E7DA /* ARTestViewController.swift in Sources */,
				067CCA7B236E4DC7000EA7C4 /* PurchaseViewController.swift in Sources */,
				10752A3A236DE734001B773E /* BrowseDetailTableViewController.swift in Sources */,
				107903D323751113000A5DF3 /* testUIButton.swift in Sources */,
				10752A3C236DEDD4001B773E /* BrowseDetailTableViewCell.swift in Sources */,
				10F44016236C793100435BC9 /* BrowseTableViewCell.swift in Sources */,
				10281E74236DDE320091A473 /* Globals.swift in Sources */,
				1025E616235CFBD90017E7DA /* AppDelegate.swift in Sources */,
				10B7FBFB236DDCBB00AA997C /* BrowseTableViewController.swift in Sources */,
				0623963D236AA4D30012C6C7 /* CustomizeViewController.swift in Sources */,
			);
			runOnlyForDeploymentPostprocessing = 0;
		};
/* End PBXSourcesBuildPhase section */

/* Begin PBXVariantGroup section */
		1025E61B235CFBD90017E7DA /* Main.storyboard */ = {
			isa = PBXVariantGroup;
			children = (
				1025E61C235CFBD90017E7DA /* Base */,
			);
			name = Main.storyboard;
			sourceTree = "<group>";
		};
		1025E620235CFBDE0017E7DA /* LaunchScreen.storyboard */ = {
			isa = PBXVariantGroup;
			children = (
				1025E621235CFBDE0017E7DA /* Base */,
			);
			name = LaunchScreen.storyboard;
			sourceTree = "<group>";
		};
/* End PBXVariantGroup section */

/* Begin XCBuildConfiguration section */
		1025E624235CFBDE0017E7DA /* Debug */ = {
			isa = XCBuildConfiguration;
			buildSettings = {
				ALWAYS_SEARCH_USER_PATHS = NO;
				CLANG_ANALYZER_NONNULL = YES;
				CLANG_ANALYZER_NUMBER_OBJECT_CONVERSION = YES_AGGRESSIVE;
				CLANG_CXX_LANGUAGE_STANDARD = "gnu++14";
				CLANG_CXX_LIBRARY = "libc++";
				CLANG_ENABLE_MODULES = YES;
				CLANG_ENABLE_OBJC_ARC = YES;
				CLANG_ENABLE_OBJC_WEAK = YES;
				CLANG_WARN_BLOCK_CAPTURE_AUTORELEASING = YES;
				CLANG_WARN_BOOL_CONVERSION = YES;
				CLANG_WARN_COMMA = YES;
				CLANG_WARN_CONSTANT_CONVERSION = YES;
				CLANG_WARN_DEPRECATED_OBJC_IMPLEMENTATIONS = YES;
				CLANG_WARN_DIRECT_OBJC_ISA_USAGE = YES_ERROR;
				CLANG_WARN_DOCUMENTATION_COMMENTS = YES;
				CLANG_WARN_EMPTY_BODY = YES;
				CLANG_WARN_ENUM_CONVERSION = YES;
				CLANG_WARN_INFINITE_RECURSION = YES;
				CLANG_WARN_INT_CONVERSION = YES;
				CLANG_WARN_NON_LITERAL_NULL_CONVERSION = YES;
				CLANG_WARN_OBJC_IMPLICIT_RETAIN_SELF = YES;
				CLANG_WARN_OBJC_LITERAL_CONVERSION = YES;
				CLANG_WARN_OBJC_ROOT_CLASS = YES_ERROR;
				CLANG_WARN_RANGE_LOOP_ANALYSIS = YES;
				CLANG_WARN_STRICT_PROTOTYPES = YES;
				CLANG_WARN_SUSPICIOUS_MOVE = YES;
				CLANG_WARN_UNGUARDED_AVAILABILITY = YES_AGGRESSIVE;
				CLANG_WARN_UNREACHABLE_CODE = YES;
				CLANG_WARN__DUPLICATE_METHOD_MATCH = YES;
				COPY_PHASE_STRIP = NO;
				DEBUG_INFORMATION_FORMAT = dwarf;
				ENABLE_STRICT_OBJC_MSGSEND = YES;
				ENABLE_TESTABILITY = YES;
				GCC_C_LANGUAGE_STANDARD = gnu11;
				GCC_DYNAMIC_NO_PIC = NO;
				GCC_NO_COMMON_BLOCKS = YES;
				GCC_OPTIMIZATION_LEVEL = 0;
				GCC_PREPROCESSOR_DEFINITIONS = (
					"DEBUG=1",
					"$(inherited)",
				);
				GCC_WARN_64_TO_32_BIT_CONVERSION = YES;
				GCC_WARN_ABOUT_RETURN_TYPE = YES_ERROR;
				GCC_WARN_UNDECLARED_SELECTOR = YES;
				GCC_WARN_UNINITIALIZED_AUTOS = YES_AGGRESSIVE;
				GCC_WARN_UNUSED_FUNCTION = YES;
				GCC_WARN_UNUSED_VARIABLE = YES;
				IPHONEOS_DEPLOYMENT_TARGET = 13.1;
				MTL_ENABLE_DEBUG_INFO = INCLUDE_SOURCE;
				MTL_FAST_MATH = YES;
				ONLY_ACTIVE_ARCH = YES;
				SDKROOT = iphoneos;
				SWIFT_ACTIVE_COMPILATION_CONDITIONS = DEBUG;
				SWIFT_OPTIMIZATION_LEVEL = "-Onone";
			};
			name = Debug;
		};
		1025E625235CFBDE0017E7DA /* Release */ = {
			isa = XCBuildConfiguration;
			buildSettings = {
				ALWAYS_SEARCH_USER_PATHS = NO;
				CLANG_ANALYZER_NONNULL = YES;
				CLANG_ANALYZER_NUMBER_OBJECT_CONVERSION = YES_AGGRESSIVE;
				CLANG_CXX_LANGUAGE_STANDARD = "gnu++14";
				CLANG_CXX_LIBRARY = "libc++";
				CLANG_ENABLE_MODULES = YES;
				CLANG_ENABLE_OBJC_ARC = YES;
				CLANG_ENABLE_OBJC_WEAK = YES;
				CLANG_WARN_BLOCK_CAPTURE_AUTORELEASING = YES;
				CLANG_WARN_BOOL_CONVERSION = YES;
				CLANG_WARN_COMMA = YES;
				CLANG_WARN_CONSTANT_CONVERSION = YES;
				CLANG_WARN_DEPRECATED_OBJC_IMPLEMENTATIONS = YES;
				CLANG_WARN_DIRECT_OBJC_ISA_USAGE = YES_ERROR;
				CLANG_WARN_DOCUMENTATION_COMMENTS = YES;
				CLANG_WARN_EMPTY_BODY = YES;
				CLANG_WARN_ENUM_CONVERSION = YES;
				CLANG_WARN_INFINITE_RECURSION = YES;
				CLANG_WARN_INT_CONVERSION = YES;
				CLANG_WARN_NON_LITERAL_NULL_CONVERSION = YES;
				CLANG_WARN_OBJC_IMPLICIT_RETAIN_SELF = YES;
				CLANG_WARN_OBJC_LITERAL_CONVERSION = YES;
				CLANG_WARN_OBJC_ROOT_CLASS = YES_ERROR;
				CLANG_WARN_RANGE_LOOP_ANALYSIS = YES;
				CLANG_WARN_STRICT_PROTOTYPES = YES;
				CLANG_WARN_SUSPICIOUS_MOVE = YES;
				CLANG_WARN_UNGUARDED_AVAILABILITY = YES_AGGRESSIVE;
				CLANG_WARN_UNREACHABLE_CODE = YES;
				CLANG_WARN__DUPLICATE_METHOD_MATCH = YES;
				COPY_PHASE_STRIP = NO;
				DEBUG_INFORMATION_FORMAT = "dwarf-with-dsym";
				ENABLE_NS_ASSERTIONS = NO;
				ENABLE_STRICT_OBJC_MSGSEND = YES;
				GCC_C_LANGUAGE_STANDARD = gnu11;
				GCC_NO_COMMON_BLOCKS = YES;
				GCC_WARN_64_TO_32_BIT_CONVERSION = YES;
				GCC_WARN_ABOUT_RETURN_TYPE = YES_ERROR;
				GCC_WARN_UNDECLARED_SELECTOR = YES;
				GCC_WARN_UNINITIALIZED_AUTOS = YES_AGGRESSIVE;
				GCC_WARN_UNUSED_FUNCTION = YES;
				GCC_WARN_UNUSED_VARIABLE = YES;
				IPHONEOS_DEPLOYMENT_TARGET = 13.1;
				MTL_ENABLE_DEBUG_INFO = NO;
				MTL_FAST_MATH = YES;
				SDKROOT = iphoneos;
				SWIFT_COMPILATION_MODE = wholemodule;
				SWIFT_OPTIMIZATION_LEVEL = "-O";
				VALIDATE_PRODUCT = YES;
			};
			name = Release;
		};
		1025E627235CFBDE0017E7DA /* Debug */ = {
			isa = XCBuildConfiguration;
			buildSettings = {
				ASSETCATALOG_COMPILER_APPICON_NAME = AppIcon;
				CODE_SIGN_STYLE = Automatic;
				DEVELOPMENT_TEAM = 3U7979Q2XJ;
				INFOPLIST_FILE = wardrobe/Info.plist;
				LD_RUNPATH_SEARCH_PATHS = (
					"$(inherited)",
					"@executable_path/Frameworks",
				);
				PRODUCT_BUNDLE_IDENTIFIER = alechg.wardrobe;
				PRODUCT_NAME = Wardrobe;
				SWIFT_VERSION = 5.0;
				TARGETED_DEVICE_FAMILY = 1;
			};
			name = Debug;
		};
		1025E628235CFBDE0017E7DA /* Release */ = {
			isa = XCBuildConfiguration;
			buildSettings = {
				ASSETCATALOG_COMPILER_APPICON_NAME = AppIcon;
				CODE_SIGN_STYLE = Automatic;
				DEVELOPMENT_TEAM = 3U7979Q2XJ;
				INFOPLIST_FILE = wardrobe/Info.plist;
				LD_RUNPATH_SEARCH_PATHS = (
					"$(inherited)",
					"@executable_path/Frameworks",
				);
				PRODUCT_BUNDLE_IDENTIFIER = alechg.wardrobe;
				PRODUCT_NAME = Wardrobe;
				SWIFT_VERSION = 5.0;
				TARGETED_DEVICE_FAMILY = 1;
			};
			name = Release;
		};
/* End XCBuildConfiguration section */

/* Begin XCConfigurationList section */
		1025E60D235CFBD90017E7DA /* Build configuration list for PBXProject "wardrobe" */ = {
			isa = XCConfigurationList;
			buildConfigurations = (
				1025E624235CFBDE0017E7DA /* Debug */,
				1025E625235CFBDE0017E7DA /* Release */,
			);
			defaultConfigurationIsVisible = 0;
			defaultConfigurationName = Release;
		};
		1025E626235CFBDE0017E7DA /* Build configuration list for PBXNativeTarget "wardrobe" */ = {
			isa = XCConfigurationList;
			buildConfigurations = (
				1025E627235CFBDE0017E7DA /* Debug */,
				1025E628235CFBDE0017E7DA /* Release */,
			);
			defaultConfigurationIsVisible = 0;
			defaultConfigurationName = Release;
		};
/* End XCConfigurationList section */
	};
	rootObject = 1025E60A235CFBD90017E7DA /* Project object */;
}
